// !$*UTF8*$!
{
	archiveVersion = 1;
	classes = {
	};
	objectVersion = 50;
	objects = {

/* Begin PBXBuildFile section */
		44E6780E89CD88344D639E57 /* Pods_PlayBowlingV2.framework in Frameworks */ = {isa = PBXBuildFile; fileRef = 863EA8836326145297571055 /* Pods_PlayBowlingV2.framework */; };
		EF9850CF224F751300BE049B /* AppDelegate.swift in Sources */ = {isa = PBXBuildFile; fileRef = EF9850CE224F751300BE049B /* AppDelegate.swift */; };
		EF9850D1224F751300BE049B /* BowlingGameViewController.swift in Sources */ = {isa = PBXBuildFile; fileRef = EF9850D0224F751300BE049B /* BowlingGameViewController.swift */; };
		EF9850D4224F751300BE049B /* Main.storyboard in Resources */ = {isa = PBXBuildFile; fileRef = EF9850D2224F751300BE049B /* Main.storyboard */; };
		EF9850D7224F751300BE049B /* PlayBowlingV2.xcdatamodeld in Sources */ = {isa = PBXBuildFile; fileRef = EF9850D5224F751300BE049B /* PlayBowlingV2.xcdatamodeld */; };
		EF9850D9224F751400BE049B /* Assets.xcassets in Resources */ = {isa = PBXBuildFile; fileRef = EF9850D8224F751400BE049B /* Assets.xcassets */; };
		EF9850DC224F751400BE049B /* LaunchScreen.storyboard in Resources */ = {isa = PBXBuildFile; fileRef = EF9850DA224F751400BE049B /* LaunchScreen.storyboard */; };
		EF9850E6224F794C00BE049B /* BowlingGame.swift in Sources */ = {isa = PBXBuildFile; fileRef = EF9850E5224F794C00BE049B /* BowlingGame.swift */; };
		EF9850E8224F7EE700BE049B /* BowlingGameModel.swift in Sources */ = {isa = PBXBuildFile; fileRef = EF9850E7224F7EE700BE049B /* BowlingGameModel.swift */; };
		EF9850F0224F924300BE049B /* BowlingGameViewModel.swift in Sources */ = {isa = PBXBuildFile; fileRef = EF9850EF224F924300BE049B /* BowlingGameViewModel.swift */; };
		EF9850FA22514B4700BE049B /* StandardFrameCell.swift in Sources */ = {isa = PBXBuildFile; fileRef = EF9850F922514B4700BE049B /* StandardFrameCell.swift */; };
		EF9850FC225152A400BE049B /* TenthFrameCell.swift in Sources */ = {isa = PBXBuildFile; fileRef = EF9850FB225152A400BE049B /* TenthFrameCell.swift */; };
		EF9850FE2251F9C500BE049B /* ScoreboardCollectionView.swift in Sources */ = {isa = PBXBuildFile; fileRef = EF9850FD2251F9C500BE049B /* ScoreboardCollectionView.swift */; };
		EF985101225404B300BE049B /* CoreDataHelper.swift in Sources */ = {isa = PBXBuildFile; fileRef = EF985100225404B300BE049B /* CoreDataHelper.swift */; };
		EF985103225497F900BE049B /* MatchHistoryViewController.swift in Sources */ = {isa = PBXBuildFile; fileRef = EF985102225497F900BE049B /* MatchHistoryViewController.swift */; };
		EF9851062255322C00BE049B /* MatchHistoryCell.swift in Sources */ = {isa = PBXBuildFile; fileRef = EF9851052255322C00BE049B /* MatchHistoryCell.swift */; };
		EF9851082255329F00BE049B /* MatchHistoryCollectionView.swift in Sources */ = {isa = PBXBuildFile; fileRef = EF9851072255329F00BE049B /* MatchHistoryCollectionView.swift */; };
		EF98510A22553FCB00BE049B /* HomePageViewController.swift in Sources */ = {isa = PBXBuildFile; fileRef = EF98510922553FCB00BE049B /* HomePageViewController.swift */; };
		EF98510C2255E25100BE049B /* MatchHistoryDetailViewController.swift in Sources */ = {isa = PBXBuildFile; fileRef = EF98510B2255E25100BE049B /* MatchHistoryDetailViewController.swift */; };
		EF9BBC3C225D406C00552EBF /* PlayBowlingV2Tests.swift in Sources */ = {isa = PBXBuildFile; fileRef = EF9BBC3B225D406C00552EBF /* PlayBowlingV2Tests.swift */; };
/* End PBXBuildFile section */

/* Begin PBXContainerItemProxy section */
		EF9BBC3E225D406C00552EBF /* PBXContainerItemProxy */ = {
			isa = PBXContainerItemProxy;
			containerPortal = EF9850C3224F751300BE049B /* Project object */;
			proxyType = 1;
			remoteGlobalIDString = EF9850CA224F751300BE049B;
			remoteInfo = PlayBowlingV2;
		};
/* End PBXContainerItemProxy section */

/* Begin PBXFileReference section */
		7D2DD313C298E8D6632F5604 /* Pods-PlayBowlingV2.release.xcconfig */ = {isa = PBXFileReference; includeInIndex = 1; lastKnownFileType = text.xcconfig; name = "Pods-PlayBowlingV2.release.xcconfig"; path = "Target Support Files/Pods-PlayBowlingV2/Pods-PlayBowlingV2.release.xcconfig"; sourceTree = "<group>"; };
		863EA8836326145297571055 /* Pods_PlayBowlingV2.framework */ = {isa = PBXFileReference; explicitFileType = wrapper.framework; includeInIndex = 0; path = Pods_PlayBowlingV2.framework; sourceTree = BUILT_PRODUCTS_DIR; };
		EB87C9C74499406F60422C8B /* Pods-PlayBowlingV2.debug.xcconfig */ = {isa = PBXFileReference; includeInIndex = 1; lastKnownFileType = text.xcconfig; name = "Pods-PlayBowlingV2.debug.xcconfig"; path = "Target Support Files/Pods-PlayBowlingV2/Pods-PlayBowlingV2.debug.xcconfig"; sourceTree = "<group>"; };
		EF9850CB224F751300BE049B /* PlayBowlingV2.app */ = {isa = PBXFileReference; explicitFileType = wrapper.application; includeInIndex = 0; path = PlayBowlingV2.app; sourceTree = BUILT_PRODUCTS_DIR; };
		EF9850CE224F751300BE049B /* AppDelegate.swift */ = {isa = PBXFileReference; lastKnownFileType = sourcecode.swift; path = AppDelegate.swift; sourceTree = "<group>"; };
		EF9850D0224F751300BE049B /* BowlingGameViewController.swift */ = {isa = PBXFileReference; lastKnownFileType = sourcecode.swift; path = BowlingGameViewController.swift; sourceTree = "<group>"; };
		EF9850D3224F751300BE049B /* Base */ = {isa = PBXFileReference; lastKnownFileType = file.storyboard; name = Base; path = Base.lproj/Main.storyboard; sourceTree = "<group>"; };
		EF9850D6224F751300BE049B /* PlayBowlingV2.xcdatamodel */ = {isa = PBXFileReference; lastKnownFileType = wrapper.xcdatamodel; path = PlayBowlingV2.xcdatamodel; sourceTree = "<group>"; };
		EF9850D8224F751400BE049B /* Assets.xcassets */ = {isa = PBXFileReference; lastKnownFileType = folder.assetcatalog; path = Assets.xcassets; sourceTree = "<group>"; };
		EF9850DB224F751400BE049B /* Base */ = {isa = PBXFileReference; lastKnownFileType = file.storyboard; name = Base; path = Base.lproj/LaunchScreen.storyboard; sourceTree = "<group>"; };
		EF9850DD224F751400BE049B /* Info.plist */ = {isa = PBXFileReference; lastKnownFileType = text.plist.xml; path = Info.plist; sourceTree = "<group>"; };
		EF9850E5224F794C00BE049B /* BowlingGame.swift */ = {isa = PBXFileReference; lastKnownFileType = sourcecode.swift; path = BowlingGame.swift; sourceTree = "<group>"; };
		EF9850E7224F7EE700BE049B /* BowlingGameModel.swift */ = {isa = PBXFileReference; lastKnownFileType = sourcecode.swift; path = BowlingGameModel.swift; sourceTree = "<group>"; };
		EF9850EF224F924300BE049B /* BowlingGameViewModel.swift */ = {isa = PBXFileReference; lastKnownFileType = sourcecode.swift; path = BowlingGameViewModel.swift; sourceTree = "<group>"; };
		EF9850F922514B4700BE049B /* StandardFrameCell.swift */ = {isa = PBXFileReference; lastKnownFileType = sourcecode.swift; path = StandardFrameCell.swift; sourceTree = "<group>"; };
		EF9850FB225152A400BE049B /* TenthFrameCell.swift */ = {isa = PBXFileReference; lastKnownFileType = sourcecode.swift; path = TenthFrameCell.swift; sourceTree = "<group>"; };
		EF9850FD2251F9C500BE049B /* ScoreboardCollectionView.swift */ = {isa = PBXFileReference; lastKnownFileType = sourcecode.swift; path = ScoreboardCollectionView.swift; sourceTree = "<group>"; };
		EF985100225404B300BE049B /* CoreDataHelper.swift */ = {isa = PBXFileReference; fileEncoding = 4; lastKnownFileType = sourcecode.swift; path = CoreDataHelper.swift; sourceTree = "<group>"; };
		EF985102225497F900BE049B /* MatchHistoryViewController.swift */ = {isa = PBXFileReference; lastKnownFileType = sourcecode.swift; path = MatchHistoryViewController.swift; sourceTree = "<group>"; };
		EF9851052255322C00BE049B /* MatchHistoryCell.swift */ = {isa = PBXFileReference; lastKnownFileType = sourcecode.swift; path = MatchHistoryCell.swift; sourceTree = "<group>"; };
		EF9851072255329F00BE049B /* MatchHistoryCollectionView.swift */ = {isa = PBXFileReference; lastKnownFileType = sourcecode.swift; path = MatchHistoryCollectionView.swift; sourceTree = "<group>"; };
		EF98510922553FCB00BE049B /* HomePageViewController.swift */ = {isa = PBXFileReference; lastKnownFileType = sourcecode.swift; path = HomePageViewController.swift; sourceTree = "<group>"; };
		EF98510B2255E25100BE049B /* MatchHistoryDetailViewController.swift */ = {isa = PBXFileReference; lastKnownFileType = sourcecode.swift; path = MatchHistoryDetailViewController.swift; sourceTree = "<group>"; };
		EF9BBC39225D406C00552EBF /* PlayBowlingV2Tests.xctest */ = {isa = PBXFileReference; explicitFileType = wrapper.cfbundle; includeInIndex = 0; path = PlayBowlingV2Tests.xctest; sourceTree = BUILT_PRODUCTS_DIR; };
		EF9BBC3B225D406C00552EBF /* PlayBowlingV2Tests.swift */ = {isa = PBXFileReference; lastKnownFileType = sourcecode.swift; path = PlayBowlingV2Tests.swift; sourceTree = "<group>"; };
		EF9BBC3D225D406C00552EBF /* Info.plist */ = {isa = PBXFileReference; lastKnownFileType = text.plist.xml; path = Info.plist; sourceTree = "<group>"; };
/* End PBXFileReference section */

/* Begin PBXFrameworksBuildPhase section */
		EF9850C8224F751300BE049B /* Frameworks */ = {
			isa = PBXFrameworksBuildPhase;
			buildActionMask = 2147483647;
			files = (
				44E6780E89CD88344D639E57 /* Pods_PlayBowlingV2.framework in Frameworks */,
			);
			runOnlyForDeploymentPostprocessing = 0;
		};
		EF9BBC36225D406C00552EBF /* Frameworks */ = {
			isa = PBXFrameworksBuildPhase;
			buildActionMask = 2147483647;
			files = (
			);
			runOnlyForDeploymentPostprocessing = 0;
		};
/* End PBXFrameworksBuildPhase section */

/* Begin PBXGroup section */
		30795B9C9A0233ADA5D78149 /* Frameworks */ = {
			isa = PBXGroup;
			children = (
				863EA8836326145297571055 /* Pods_PlayBowlingV2.framework */,
			);
			name = Frameworks;
			sourceTree = "<group>";
		};
		A90B1CF2782B54C34806AF0B /* Pods */ = {
			isa = PBXGroup;
			children = (
				EB87C9C74499406F60422C8B /* Pods-PlayBowlingV2.debug.xcconfig */,
				7D2DD313C298E8D6632F5604 /* Pods-PlayBowlingV2.release.xcconfig */,
			);
			path = Pods;
			sourceTree = "<group>";
		};
		EF9850C2224F751300BE049B = {
			isa = PBXGroup;
			children = (
				EF9850CD224F751300BE049B /* PlayBowlingV2 */,
				EF9BBC3A225D406C00552EBF /* PlayBowlingV2Tests */,
				EF9850CC224F751300BE049B /* Products */,
				A90B1CF2782B54C34806AF0B /* Pods */,
				30795B9C9A0233ADA5D78149 /* Frameworks */,
			);
			sourceTree = "<group>";
		};
		EF9850CC224F751300BE049B /* Products */ = {
			isa = PBXGroup;
			children = (
				EF9850CB224F751300BE049B /* PlayBowlingV2.app */,
				EF9BBC39225D406C00552EBF /* PlayBowlingV2Tests.xctest */,
			);
			name = Products;
			sourceTree = "<group>";
		};
		EF9850CD224F751300BE049B /* PlayBowlingV2 */ = {
			isa = PBXGroup;
			children = (
				EF9850FF2254049E00BE049B /* Helpers */,
				EF9850F822514B1700BE049B /* Additional */,
				EF9850F722514B0700BE049B /* User Interface */,
				EF9850F622514AEF00BE049B /* Core */,
				EF9850F1224F92F500BE049B /* ViewController */,
				EF9850ED224F922B00BE049B /* ViewModel */,
				EF9850EC224F922600BE049B /* Model */,
				EF9850EE224F923000BE049B /* DataSource */,
			);
			path = PlayBowlingV2;
			sourceTree = "<group>";
		};
		EF9850EC224F922600BE049B /* Model */ = {
			isa = PBXGroup;
			children = (
				EF9850E7224F7EE700BE049B /* BowlingGameModel.swift */,
			);
			path = Model;
			sourceTree = "<group>";
		};
		EF9850ED224F922B00BE049B /* ViewModel */ = {
			isa = PBXGroup;
			children = (
				EF9850EF224F924300BE049B /* BowlingGameViewModel.swift */,
			);
			path = ViewModel;
			sourceTree = "<group>";
		};
		EF9850EE224F923000BE049B /* DataSource */ = {
			isa = PBXGroup;
			children = (
				EF9850E5224F794C00BE049B /* BowlingGame.swift */,
			);
			path = DataSource;
			sourceTree = "<group>";
		};
		EF9850F1224F92F500BE049B /* ViewController */ = {
			isa = PBXGroup;
			children = (
				EF9850D0224F751300BE049B /* BowlingGameViewController.swift */,
				EF985102225497F900BE049B /* MatchHistoryViewController.swift */,
				EF98510922553FCB00BE049B /* HomePageViewController.swift */,
				EF98510B2255E25100BE049B /* MatchHistoryDetailViewController.swift */,
			);
			path = ViewController;
			sourceTree = "<group>";
		};
		EF9850F622514AEF00BE049B /* Core */ = {
			isa = PBXGroup;
			children = (
				EF9850DA224F751400BE049B /* LaunchScreen.storyboard */,
				EF9850D2224F751300BE049B /* Main.storyboard */,
				EF9850D5224F751300BE049B /* PlayBowlingV2.xcdatamodeld */,
				EF9850CE224F751300BE049B /* AppDelegate.swift */,
				EF9850DD224F751400BE049B /* Info.plist */,
			);
			path = Core;
			sourceTree = "<group>";
		};
		EF9850F722514B0700BE049B /* User Interface */ = {
			isa = PBXGroup;
			children = (
				EF98510D225696E800BE049B /* CollectionViews */,
				EF9851042255321000BE049B /* CollectionCells */,
			);
			path = "User Interface";
			sourceTree = "<group>";
		};
		EF9850F822514B1700BE049B /* Additional */ = {
			isa = PBXGroup;
			children = (
				EF9850D8224F751400BE049B /* Assets.xcassets */,
			);
			path = Additional;
			sourceTree = "<group>";
		};
		EF9850FF2254049E00BE049B /* Helpers */ = {
			isa = PBXGroup;
			children = (
				EF985100225404B300BE049B /* CoreDataHelper.swift */,
			);
			path = Helpers;
			sourceTree = "<group>";
		};
		EF9851042255321000BE049B /* CollectionCells */ = {
			isa = PBXGroup;
			children = (
				EF9850F922514B4700BE049B /* StandardFrameCell.swift */,
				EF9850FB225152A400BE049B /* TenthFrameCell.swift */,
				EF9851052255322C00BE049B /* MatchHistoryCell.swift */,
			);
			path = CollectionCells;
			sourceTree = "<group>";
		};
		EF98510D225696E800BE049B /* CollectionViews */ = {
			isa = PBXGroup;
			children = (
				EF9850FD2251F9C500BE049B /* ScoreboardCollectionView.swift */,
				EF9851072255329F00BE049B /* MatchHistoryCollectionView.swift */,
			);
			path = CollectionViews;
			sourceTree = "<group>";
		};
		EF9BBC3A225D406C00552EBF /* PlayBowlingV2Tests */ = {
			isa = PBXGroup;
			children = (
				EF9BBC3B225D406C00552EBF /* PlayBowlingV2Tests.swift */,
				EF9BBC3D225D406C00552EBF /* Info.plist */,
			);
			path = PlayBowlingV2Tests;
			sourceTree = "<group>";
		};
/* End PBXGroup section */

/* Begin PBXNativeTarget section */
		EF9850CA224F751300BE049B /* PlayBowlingV2 */ = {
			isa = PBXNativeTarget;
			buildConfigurationList = EF9850E0224F751400BE049B /* Build configuration list for PBXNativeTarget "PlayBowlingV2" */;
			buildPhases = (
				8CA7305EC607CD5210FA05B5 /* [CP] Check Pods Manifest.lock */,
				EF9850C7224F751300BE049B /* Sources */,
				EF9850C8224F751300BE049B /* Frameworks */,
				EF9850C9224F751300BE049B /* Resources */,
				7FFB0F304E69D0A28C625990 /* [CP] Embed Pods Frameworks */,
			);
			buildRules = (
			);
			dependencies = (
			);
			name = PlayBowlingV2;
			productName = PlayBowlingV2;
			productReference = EF9850CB224F751300BE049B /* PlayBowlingV2.app */;
			productType = "com.apple.product-type.application";
		};
		EF9BBC38225D406C00552EBF /* PlayBowlingV2Tests */ = {
			isa = PBXNativeTarget;
			buildConfigurationList = EF9BBC40225D406C00552EBF /* Build configuration list for PBXNativeTarget "PlayBowlingV2Tests" */;
			buildPhases = (
				EF9BBC35225D406C00552EBF /* Sources */,
				EF9BBC36225D406C00552EBF /* Frameworks */,
				EF9BBC37225D406C00552EBF /* Resources */,
			);
			buildRules = (
			);
			dependencies = (
				EF9BBC3F225D406C00552EBF /* PBXTargetDependency */,
			);
			name = PlayBowlingV2Tests;
			productName = PlayBowlingV2Tests;
			productReference = EF9BBC39225D406C00552EBF /* PlayBowlingV2Tests.xctest */;
			productType = "com.apple.product-type.bundle.unit-test";
		};
/* End PBXNativeTarget section */

/* Begin PBXProject section */
		EF9850C3224F751300BE049B /* Project object */ = {
			isa = PBXProject;
			attributes = {
				LastSwiftUpdateCheck = 1010;
				LastUpgradeCheck = 1010;
				ORGANIZATIONNAME = "Metricell Developer";
				TargetAttributes = {
					EF9850CA224F751300BE049B = {
						CreatedOnToolsVersion = 10.1;
					};
					EF9BBC38225D406C00552EBF = {
						CreatedOnToolsVersion = 10.1;
						TestTargetID = EF9850CA224F751300BE049B;
					};
				};
			};
			buildConfigurationList = EF9850C6224F751300BE049B /* Build configuration list for PBXProject "PlayBowlingV2" */;
			compatibilityVersion = "Xcode 9.3";
			developmentRegion = en;
			hasScannedForEncodings = 0;
			knownRegions = (
				en,
				Base,
			);
			mainGroup = EF9850C2224F751300BE049B;
			productRefGroup = EF9850CC224F751300BE049B /* Products */;
			projectDirPath = "";
			projectRoot = "";
			targets = (
				EF9850CA224F751300BE049B /* PlayBowlingV2 */,
				EF9BBC38225D406C00552EBF /* PlayBowlingV2Tests */,
			);
		};
/* End PBXProject section */

/* Begin PBXResourcesBuildPhase section */
		EF9850C9224F751300BE049B /* Resources */ = {
			isa = PBXResourcesBuildPhase;
			buildActionMask = 2147483647;
			files = (
				EF9850DC224F751400BE049B /* LaunchScreen.storyboard in Resources */,
				EF9850D9224F751400BE049B /* Assets.xcassets in Resources */,
				EF9850D4224F751300BE049B /* Main.storyboard in Resources */,
			);
			runOnlyForDeploymentPostprocessing = 0;
		};
		EF9BBC37225D406C00552EBF /* Resources */ = {
			isa = PBXResourcesBuildPhase;
			buildActionMask = 2147483647;
			files = (
			);
			runOnlyForDeploymentPostprocessing = 0;
		};
/* End PBXResourcesBuildPhase section */

/* Begin PBXShellScriptBuildPhase section */
		7FFB0F304E69D0A28C625990 /* [CP] Embed Pods Frameworks */ = {
			isa = PBXShellScriptBuildPhase;
			buildActionMask = 2147483647;
			files = (
			);
			inputFileListPaths = (
			);
			inputPaths = (
				"${PODS_ROOT}/Target Support Files/Pods-PlayBowlingV2/Pods-PlayBowlingV2-frameworks.sh",
				"${BUILT_PRODUCTS_DIR}/RxAtomic/RxAtomic.framework",
				"${BUILT_PRODUCTS_DIR}/RxCocoa/RxCocoa.framework",
				"${BUILT_PRODUCTS_DIR}/RxSwift/RxSwift.framework",
			);
			name = "[CP] Embed Pods Frameworks";
			outputFileListPaths = (
			);
			outputPaths = (
				"${TARGET_BUILD_DIR}/${FRAMEWORKS_FOLDER_PATH}/RxAtomic.framework",
				"${TARGET_BUILD_DIR}/${FRAMEWORKS_FOLDER_PATH}/RxCocoa.framework",
				"${TARGET_BUILD_DIR}/${FRAMEWORKS_FOLDER_PATH}/RxSwift.framework",
			);
			runOnlyForDeploymentPostprocessing = 0;
			shellPath = /bin/sh;
			shellScript = "\"${PODS_ROOT}/Target Support Files/Pods-PlayBowlingV2/Pods-PlayBowlingV2-frameworks.sh\"\n";
			showEnvVarsInLog = 0;
		};
		8CA7305EC607CD5210FA05B5 /* [CP] Check Pods Manifest.lock */ = {
			isa = PBXShellScriptBuildPhase;
			buildActionMask = 2147483647;
			files = (
			);
			inputFileListPaths = (
			);
			inputPaths = (
				"${PODS_PODFILE_DIR_PATH}/Podfile.lock",
				"${PODS_ROOT}/Manifest.lock",
			);
			name = "[CP] Check Pods Manifest.lock";
			outputFileListPaths = (
			);
			outputPaths = (
				"$(DERIVED_FILE_DIR)/Pods-PlayBowlingV2-checkManifestLockResult.txt",
			);
			runOnlyForDeploymentPostprocessing = 0;
			shellPath = /bin/sh;
			shellScript = "diff \"${PODS_PODFILE_DIR_PATH}/Podfile.lock\" \"${PODS_ROOT}/Manifest.lock\" > /dev/null\nif [ $? != 0 ] ; then\n    # print error to STDERR\n    echo \"error: The sandbox is not in sync with the Podfile.lock. Run 'pod install' or update your CocoaPods installation.\" >&2\n    exit 1\nfi\n# This output is used by Xcode 'outputs' to avoid re-running this script phase.\necho \"SUCCESS\" > \"${SCRIPT_OUTPUT_FILE_0}\"\n";
			showEnvVarsInLog = 0;
		};
/* End PBXShellScriptBuildPhase section */

/* Begin PBXSourcesBuildPhase section */
		EF9850C7224F751300BE049B /* Sources */ = {
			isa = PBXSourcesBuildPhase;
			buildActionMask = 2147483647;
			files = (
				EF985101225404B300BE049B /* CoreDataHelper.swift in Sources */,
				EF985103225497F900BE049B /* MatchHistoryViewController.swift in Sources */,
				EF9850E8224F7EE700BE049B /* BowlingGameModel.swift in Sources */,
				EF9850E6224F794C00BE049B /* BowlingGame.swift in Sources */,
				EF9850D1224F751300BE049B /* BowlingGameViewController.swift in Sources */,
				EF9850CF224F751300BE049B /* AppDelegate.swift in Sources */,
				EF9850FA22514B4700BE049B /* StandardFrameCell.swift in Sources */,
				EF9850FE2251F9C500BE049B /* ScoreboardCollectionView.swift in Sources */,
				EF98510A22553FCB00BE049B /* HomePageViewController.swift in Sources */,
				EF9851062255322C00BE049B /* MatchHistoryCell.swift in Sources */,
				EF98510C2255E25100BE049B /* MatchHistoryDetailViewController.swift in Sources */,
				EF9850FC225152A400BE049B /* TenthFrameCell.swift in Sources */,
				EF9850D7224F751300BE049B /* PlayBowlingV2.xcdatamodeld in Sources */,
				EF9851082255329F00BE049B /* MatchHistoryCollectionView.swift in Sources */,
				EF9850F0224F924300BE049B /* BowlingGameViewModel.swift in Sources */,
			);
			runOnlyForDeploymentPostprocessing = 0;
		};
		EF9BBC35225D406C00552EBF /* Sources */ = {
			isa = PBXSourcesBuildPhase;
			buildActionMask = 2147483647;
			files = (
				EF9BBC3C225D406C00552EBF /* PlayBowlingV2Tests.swift in Sources */,
			);
			runOnlyForDeploymentPostprocessing = 0;
		};
/* End PBXSourcesBuildPhase section */

/* Begin PBXTargetDependency section */
		EF9BBC3F225D406C00552EBF /* PBXTargetDependency */ = {
			isa = PBXTargetDependency;
			target = EF9850CA224F751300BE049B /* PlayBowlingV2 */;
			targetProxy = EF9BBC3E225D406C00552EBF /* PBXContainerItemProxy */;
		};
/* End PBXTargetDependency section */

/* Begin PBXVariantGroup section */
		EF9850D2224F751300BE049B /* Main.storyboard */ = {
			isa = PBXVariantGroup;
			children = (
				EF9850D3224F751300BE049B /* Base */,
			);
			name = Main.storyboard;
			sourceTree = "<group>";
		};
		EF9850DA224F751400BE049B /* LaunchScreen.storyboard */ = {
			isa = PBXVariantGroup;
			children = (
				EF9850DB224F751400BE049B /* Base */,
			);
			name = LaunchScreen.storyboard;
			sourceTree = "<group>";
		};
/* End PBXVariantGroup section */

/* Begin XCBuildConfiguration section */
		EF9850DE224F751400BE049B /* Debug */ = {
			isa = XCBuildConfiguration;
			buildSettings = {
				ALWAYS_SEARCH_USER_PATHS = NO;
				CLANG_ANALYZER_NONNULL = YES;
				CLANG_ANALYZER_NUMBER_OBJECT_CONVERSION = YES_AGGRESSIVE;
				CLANG_CXX_LANGUAGE_STANDARD = "gnu++14";
				CLANG_CXX_LIBRARY = "libc++";
				CLANG_ENABLE_MODULES = YES;
				CLANG_ENABLE_OBJC_ARC = YES;
				CLANG_ENABLE_OBJC_WEAK = YES;
				CLANG_WARN_BLOCK_CAPTURE_AUTORELEASING = YES;
				CLANG_WARN_BOOL_CONVERSION = YES;
				CLANG_WARN_COMMA = YES;
				CLANG_WARN_CONSTANT_CONVERSION = YES;
				CLANG_WARN_DEPRECATED_OBJC_IMPLEMENTATIONS = YES;
				CLANG_WARN_DIRECT_OBJC_ISA_USAGE = YES_ERROR;
				CLANG_WARN_DOCUMENTATION_COMMENTS = YES;
				CLANG_WARN_EMPTY_BODY = YES;
				CLANG_WARN_ENUM_CONVERSION = YES;
				CLANG_WARN_INFINITE_RECURSION = YES;
				CLANG_WARN_INT_CONVERSION = YES;
				CLANG_WARN_NON_LITERAL_NULL_CONVERSION = YES;
				CLANG_WARN_OBJC_IMPLICIT_RETAIN_SELF = YES;
				CLANG_WARN_OBJC_LITERAL_CONVERSION = YES;
				CLANG_WARN_OBJC_ROOT_CLASS = YES_ERROR;
				CLANG_WARN_RANGE_LOOP_ANALYSIS = YES;
				CLANG_WARN_STRICT_PROTOTYPES = YES;
				CLANG_WARN_SUSPICIOUS_MOVE = YES;
				CLANG_WARN_UNGUARDED_AVAILABILITY = YES_AGGRESSIVE;
				CLANG_WARN_UNREACHABLE_CODE = YES;
				CLANG_WARN__DUPLICATE_METHOD_MATCH = YES;
				CODE_SIGN_IDENTITY = "iPhone Developer";
				COPY_PHASE_STRIP = NO;
				DEBUG_INFORMATION_FORMAT = dwarf;
				ENABLE_STRICT_OBJC_MSGSEND = YES;
				ENABLE_TESTABILITY = YES;
				GCC_C_LANGUAGE_STANDARD = gnu11;
				GCC_DYNAMIC_NO_PIC = NO;
				GCC_NO_COMMON_BLOCKS = YES;
				GCC_OPTIMIZATION_LEVEL = 0;
				GCC_PREPROCESSOR_DEFINITIONS = (
					"DEBUG=1",
					"$(inherited)",
				);
				GCC_WARN_64_TO_32_BIT_CONVERSION = YES;
				GCC_WARN_ABOUT_RETURN_TYPE = YES_ERROR;
				GCC_WARN_UNDECLARED_SELECTOR = YES;
				GCC_WARN_UNINITIALIZED_AUTOS = YES_AGGRESSIVE;
				GCC_WARN_UNUSED_FUNCTION = YES;
				GCC_WARN_UNUSED_VARIABLE = YES;
				IPHONEOS_DEPLOYMENT_TARGET = 12.1;
				MTL_ENABLE_DEBUG_INFO = INCLUDE_SOURCE;
				MTL_FAST_MATH = YES;
				ONLY_ACTIVE_ARCH = YES;
				SDKROOT = iphoneos;
				SWIFT_ACTIVE_COMPILATION_CONDITIONS = DEBUG;
				SWIFT_OPTIMIZATION_LEVEL = "-Onone";
			};
			name = Debug;
		};
		EF9850DF224F751400BE049B /* Release */ = {
			isa = XCBuildConfiguration;
			buildSettings = {
				ALWAYS_SEARCH_USER_PATHS = NO;
				CLANG_ANALYZER_NONNULL = YES;
				CLANG_ANALYZER_NUMBER_OBJECT_CONVERSION = YES_AGGRESSIVE;
				CLANG_CXX_LANGUAGE_STANDARD = "gnu++14";
				CLANG_CXX_LIBRARY = "libc++";
				CLANG_ENABLE_MODULES = YES;
				CLANG_ENABLE_OBJC_ARC = YES;
				CLANG_ENABLE_OBJC_WEAK = YES;
				CLANG_WARN_BLOCK_CAPTURE_AUTORELEASING = YES;
				CLANG_WARN_BOOL_CONVERSION = YES;
				CLANG_WARN_COMMA = YES;
				CLANG_WARN_CONSTANT_CONVERSION = YES;
				CLANG_WARN_DEPRECATED_OBJC_IMPLEMENTATIONS = YES;
				CLANG_WARN_DIRECT_OBJC_ISA_USAGE = YES_ERROR;
				CLANG_WARN_DOCUMENTATION_COMMENTS = YES;
				CLANG_WARN_EMPTY_BODY = YES;
				CLANG_WARN_ENUM_CONVERSION = YES;
				CLANG_WARN_INFINITE_RECURSION = YES;
				CLANG_WARN_INT_CONVERSION = YES;
				CLANG_WARN_NON_LITERAL_NULL_CONVERSION = YES;
				CLANG_WARN_OBJC_IMPLICIT_RETAIN_SELF = YES;
				CLANG_WARN_OBJC_LITERAL_CONVERSION = YES;
				CLANG_WARN_OBJC_ROOT_CLASS = YES_ERROR;
				CLANG_WARN_RANGE_LOOP_ANALYSIS = YES;
				CLANG_WARN_STRICT_PROTOTYPES = YES;
				CLANG_WARN_SUSPICIOUS_MOVE = YES;
				CLANG_WARN_UNGUARDED_AVAILABILITY = YES_AGGRESSIVE;
				CLANG_WARN_UNREACHABLE_CODE = YES;
				CLANG_WARN__DUPLICATE_METHOD_MATCH = YES;
				CODE_SIGN_IDENTITY = "iPhone Developer";
				COPY_PHASE_STRIP = NO;
				DEBUG_INFORMATION_FORMAT = "dwarf-with-dsym";
				ENABLE_NS_ASSERTIONS = NO;
				ENABLE_STRICT_OBJC_MSGSEND = YES;
				GCC_C_LANGUAGE_STANDARD = gnu11;
				GCC_NO_COMMON_BLOCKS = YES;
				GCC_WARN_64_TO_32_BIT_CONVERSION = YES;
				GCC_WARN_ABOUT_RETURN_TYPE = YES_ERROR;
				GCC_WARN_UNDECLARED_SELECTOR = YES;
				GCC_WARN_UNINITIALIZED_AUTOS = YES_AGGRESSIVE;
				GCC_WARN_UNUSED_FUNCTION = YES;
				GCC_WARN_UNUSED_VARIABLE = YES;
				IPHONEOS_DEPLOYMENT_TARGET = 12.1;
				MTL_ENABLE_DEBUG_INFO = NO;
				MTL_FAST_MATH = YES;
				SDKROOT = iphoneos;
				SWIFT_COMPILATION_MODE = wholemodule;
				SWIFT_OPTIMIZATION_LEVEL = "-O";
				VALIDATE_PRODUCT = YES;
			};
			name = Release;
		};
		EF9850E1224F751400BE049B /* Debug */ = {
			isa = XCBuildConfiguration;
			baseConfigurationReference = EB87C9C74499406F60422C8B /* Pods-PlayBowlingV2.debug.xcconfig */;
			buildSettings = {
				ASSETCATALOG_COMPILER_APPICON_NAME = AppIcon;
				CODE_SIGN_STYLE = Automatic;
				DEVELOPMENT_TEAM = P27A23S3XE;
				INFOPLIST_FILE = "$(SRCROOT)/PlayBowlingV2/Core/Info.plist";
				LD_RUNPATH_SEARCH_PATHS = (
					"$(inherited)",
					"@executable_path/Frameworks",
				);
				PRODUCT_BUNDLE_IDENTIFIER = com.fariszaman.PlayBowlingV2;
				PRODUCT_NAME = "$(TARGET_NAME)";
				SWIFT_VERSION = 4.2;
				TARGETED_DEVICE_FAMILY = "1,2";
			};
			name = Debug;
		};
		EF9850E2224F751400BE049B /* Release */ = {
			isa = XCBuildConfiguration;
			baseConfigurationReference = 7D2DD313C298E8D6632F5604 /* Pods-PlayBowlingV2.release.xcconfig */;
			buildSettings = {
				ASSETCATALOG_COMPILER_APPICON_NAME = AppIcon;
				CODE_SIGN_STYLE = Automatic;
				DEVELOPMENT_TEAM = P27A23S3XE;
				INFOPLIST_FILE = "$(SRCROOT)/PlayBowlingV2/Core/Info.plist";
				LD_RUNPATH_SEARCH_PATHS = (
					"$(inherited)",
					"@executable_path/Frameworks",
				);
				PRODUCT_BUNDLE_IDENTIFIER = com.fariszaman.PlayBowlingV2;
				PRODUCT_NAME = "$(TARGET_NAME)";
				SWIFT_VERSION = 4.2;
				TARGETED_DEVICE_FAMILY = "1,2";
			};
			name = Release;
		};
		EF9BBC41225D406C00552EBF /* Debug */ = {
			isa = XCBuildConfiguration;
			buildSettings = {
				BUNDLE_LOADER = "$(TEST_HOST)";
				CODE_SIGN_STYLE = Automatic;
				DEVELOPMENT_TEAM = P27A23S3XE;
				INFOPLIST_FILE = PlayBowlingV2Tests/Info.plist;
				LD_RUNPATH_SEARCH_PATHS = (
					"$(inherited)",
					"@executable_path/Frameworks",
					"@loader_path/Frameworks",
				);
				PRODUCT_BUNDLE_IDENTIFIER = com.fariszaman.PlayBowlingV2Tests;
				PRODUCT_NAME = "$(TARGET_NAME)";
				SWIFT_VERSION = 4.2;
				TARGETED_DEVICE_FAMILY = "1,2";
				TEST_HOST = "$(BUILT_PRODUCTS_DIR)/PlayBowlingV2.app/PlayBowlingV2";
			};
			name = Debug;
		};
		EF9BBC42225D406C00552EBF /* Release */ = {
			isa = XCBuildConfiguration;
			buildSettings = {
				BUNDLE_LOADER = "$(TEST_HOST)";
				CODE_SIGN_STYLE = Automatic;
				DEVELOPMENT_TEAM = P27A23S3XE;
				INFOPLIST_FILE = PlayBowlingV2Tests/Info.plist;
				LD_RUNPATH_SEARCH_PATHS = (
					"$(inherited)",
					"@executable_path/Frameworks",
					"@loader_path/Frameworks",
				);
				PRODUCT_BUNDLE_IDENTIFIER = com.fariszaman.PlayBowlingV2Tests;
				PRODUCT_NAME = "$(TARGET_NAME)";
				SWIFT_VERSION = 4.2;
				TARGETED_DEVICE_FAMILY = "1,2";
				TEST_HOST = "$(BUILT_PRODUCTS_DIR)/PlayBowlingV2.app/PlayBowlingV2";
			};
			name = Release;
		};
/* End XCBuildConfiguration section */

/* Begin XCConfigurationList section */
		EF9850C6224F751300BE049B /* Build configuration list for PBXProject "PlayBowlingV2" */ = {
			isa = XCConfigurationList;
			buildConfigurations = (
				EF9850DE224F751400BE049B /* Debug */,
				EF9850DF224F751400BE049B /* Release */,
			);
			defaultConfigurationIsVisible = 0;
			defaultConfigurationName = Release;
		};
		EF9850E0224F751400BE049B /* Build configuration list for PBXNativeTarget "PlayBowlingV2" */ = {
			isa = XCConfigurationList;
			buildConfigurations = (
				EF9850E1224F751400BE049B /* Debug */,
				EF9850E2224F751400BE049B /* Release */,
			);
			defaultConfigurationIsVisible = 0;
			defaultConfigurationName = Release;
		};
		EF9BBC40225D406C00552EBF /* Build configuration list for PBXNativeTarget "PlayBowlingV2Tests" */ = {
			isa = XCConfigurationList;
			buildConfigurations = (
				EF9BBC41225D406C00552EBF /* Debug */,
				EF9BBC42225D406C00552EBF /* Release */,
			);
			defaultConfigurationIsVisible = 0;
			defaultConfigurationName = Release;
		};
/* End XCConfigurationList section */

/* Begin XCVersionGroup section */
		EF9850D5224F751300BE049B /* PlayBowlingV2.xcdatamodeld */ = {
			isa = XCVersionGroup;
			children = (
				EF9850D6224F751300BE049B /* PlayBowlingV2.xcdatamodel */,
			);
			currentVersion = EF9850D6224F751300BE049B /* PlayBowlingV2.xcdatamodel */;
			path = PlayBowlingV2.xcdatamodeld;
			sourceTree = "<group>";
			versionGroupType = wrapper.xcdatamodel;
		};
/* End XCVersionGroup section */
	};
	rootObject = EF9850C3224F751300BE049B /* Project object */;
}
